
Microsoft Visual Studio Solution File, Format Version 12.00
# Visual Studio Version 17
VisualStudioVersion = 17.1.32407.343
MinimumVisualStudioVersion = 10.0.40219.1
Project("{FAE04EC0-301F-11D3-BF4B-00C04F79EFBC}") = "Timelog.TelegramBot", "Timelog.TelegramBot\Timelog.TelegramBot.csproj", "{A90FBF19-D285-438D-AA7D-8E380DA48E4F}"
EndProject
Global
	GlobalSection(SolutionConfigurationPlatforms) = preSolution
		Debug|Any CPU = Debug|Any CPU
		Release|Any CPU = Release|Any CPU
	EndGlobalSection
	GlobalSection(ProjectConfigurationPlatforms) = postSolution
		{A90FBF19-D285-438D-AA7D-8E380DA48E4F}.Debug|Any CPU.ActiveCfg = Debug|Any CPU
		{A90FBF19-D285-438D-AA7D-8E380DA48E4F}.Debug|Any CPU.Build.0 = Debug|Any CPU
		{A90FBF19-D285-438D-AA7D-8E380DA48E4F}.Release|Any CPU.ActiveCfg = Release|Any CPU
		{A90FBF19-D285-438D-AA7D-8E380DA48E4F}.Release|Any CPU.Build.0 = Release|Any CPU
	EndGlobalSection
	GlobalSection(SolutionProperties) = preSolution
		HideSolutionNode = FALSE
	EndGlobalSection
	GlobalSection(ExtensibilityGlobals) = postSolution
		SolutionGuid = {8A818401-4649-4D41-AC7D-D252BB506D0A}
	EndGlobalSection
EndGlobal
